
Microsoft Visual Studio Solution File, Format Version 12.00
# Visual Studio Version 16
VisualStudioVersion = 16.0.31729.503
MinimumVisualStudioVersion = 10.0.40219.1
Project("{FAE04EC0-301F-11D3-BF4B-00C04F79EFBC}") = "Inheritance and More About OOP", "Inheritance and More About OOP\Inheritance and More About OOP.csproj", "{6796541B-73A4-4E54-9EDA-A27DEA7BA4AA}"
EndProject
Global
	GlobalSection(SolutionConfigurationPlatforms) = preSolution
		Debug|Any CPU = Debug|Any CPU
		Release|Any CPU = Release|Any CPU
	EndGlobalSection
	GlobalSection(ProjectConfigurationPlatforms) = postSolution
		{6796541B-73A4-4E54-9EDA-A27DEA7BA4AA}.Debug|Any CPU.ActiveCfg = Debug|Any CPU
		{6796541B-73A4-4E54-9EDA-A27DEA7BA4AA}.Debug|Any CPU.Build.0 = Debug|Any CPU
		{6796541B-73A4-4E54-9EDA-A27DEA7BA4AA}.Release|Any CPU.ActiveCfg = Release|Any CPU
		{6796541B-73A4-4E54-9EDA-A27DEA7BA4AA}.Release|Any CPU.Build.0 = Release|Any CPU
	EndGlobalSection
	GlobalSection(SolutionProperties) = preSolution
		HideSolutionNode = FALSE
	EndGlobalSection
	GlobalSection(ExtensibilityGlobals) = postSolution
		SolutionGuid = {FE02CA50-5EA7-491F-A0E8-396D6835CD90}
	EndGlobalSection
EndGlobal
