
Microsoft Visual Studio Solution File, Format Version 12.00
# Visual Studio Version 16
VisualStudioVersion = 16.0.31729.503
MinimumVisualStudioVersion = 10.0.40219.1
Project("{FAE04EC0-301F-11D3-BF4B-00C04F79EFBC}") = "Loops", "Loops\Loops.csproj", "{EDAEDFF9-D4B5-43BC-9C67-520069EE09CC}"
EndProject
Global
	GlobalSection(SolutionConfigurationPlatforms) = preSolution
		Debug|Any CPU = Debug|Any CPU
		Release|Any CPU = Release|Any CPU
	EndGlobalSection
	GlobalSection(ProjectConfigurationPlatforms) = postSolution
		{EDAEDFF9-D4B5-43BC-9C67-520069EE09CC}.Debug|Any CPU.ActiveCfg = Debug|Any CPU
		{EDAEDFF9-D4B5-43BC-9C67-520069EE09CC}.Debug|Any CPU.Build.0 = Debug|Any CPU
		{EDAEDFF9-D4B5-43BC-9C67-520069EE09CC}.Release|Any CPU.ActiveCfg = Release|Any CPU
		{EDAEDFF9-D4B5-43BC-9C67-520069EE09CC}.Release|Any CPU.Build.0 = Release|Any CPU
	EndGlobalSection
	GlobalSection(SolutionProperties) = preSolution
		HideSolutionNode = FALSE
	EndGlobalSection
	GlobalSection(ExtensibilityGlobals) = postSolution
		SolutionGuid = {09AA941F-F4A8-43E8-B4E3-7EDCF677B352}
	EndGlobalSection
EndGlobal
