
Microsoft Visual Studio Solution File, Format Version 12.00
# Visual Studio Version 16
VisualStudioVersion = 16.0.31729.503
MinimumVisualStudioVersion = 10.0.40219.1
Project("{FAE04EC0-301F-11D3-BF4B-00C04F79EFBC}") = "ArgsCMD", "ArgsCMD\ArgsCMD.csproj", "{C3A7F41B-630D-47D2-86BA-6AD15FA02D4F}"
EndProject
Global
	GlobalSection(SolutionConfigurationPlatforms) = preSolution
		Debug|Any CPU = Debug|Any CPU
		Release|Any CPU = Release|Any CPU
	EndGlobalSection
	GlobalSection(ProjectConfigurationPlatforms) = postSolution
		{C3A7F41B-630D-47D2-86BA-6AD15FA02D4F}.Debug|Any CPU.ActiveCfg = Debug|Any CPU
		{C3A7F41B-630D-47D2-86BA-6AD15FA02D4F}.Debug|Any CPU.Build.0 = Debug|Any CPU
		{C3A7F41B-630D-47D2-86BA-6AD15FA02D4F}.Release|Any CPU.ActiveCfg = Release|Any CPU
		{C3A7F41B-630D-47D2-86BA-6AD15FA02D4F}.Release|Any CPU.Build.0 = Release|Any CPU
	EndGlobalSection
	GlobalSection(SolutionProperties) = preSolution
		HideSolutionNode = FALSE
	EndGlobalSection
	GlobalSection(ExtensibilityGlobals) = postSolution
		SolutionGuid = {4212182C-2445-480A-8DF4-C2E4587B4797}
	EndGlobalSection
EndGlobal
